
Microsoft Visual Studio Solution File, Format Version 12.00
# Visual Studio 15
VisualStudioVersion = 15.0.27428.2005
MinimumVisualStudioVersion = 10.0.40219.1
Project("{FAE04EC0-301F-11D3-BF4B-00C04F79EFBC}") = "VerCheck2", "VerCheck2\VerCheck2.csproj", "{D4C28682-765B-4868-B53F-B88A114C45C1}"
EndProject
Global
	GlobalSection(SolutionConfigurationPlatforms) = preSolution
		Debug|Any CPU = Debug|Any CPU
		Release|Any CPU = Release|Any CPU
	EndGlobalSection
	GlobalSection(ProjectConfigurationPlatforms) = postSolution
		{D4C28682-765B-4868-B53F-B88A114C45C1}.Debug|Any CPU.ActiveCfg = Debug|Any CPU
		{D4C28682-765B-4868-B53F-B88A114C45C1}.Debug|Any CPU.Build.0 = Debug|Any CPU
		{D4C28682-765B-4868-B53F-B88A114C45C1}.Release|Any CPU.ActiveCfg = Release|Any CPU
		{D4C28682-765B-4868-B53F-B88A114C45C1}.Release|Any CPU.Build.0 = Release|Any CPU
	EndGlobalSection
	GlobalSection(SolutionProperties) = preSolution
		HideSolutionNode = FALSE
	EndGlobalSection
	GlobalSection(ExtensibilityGlobals) = postSolution
		SolutionGuid = {4C18327E-12FF-4486-B105-340885DFE925}
	EndGlobalSection
EndGlobal
